Microsoft Visual Studio Solution File, Format Version 12.00
# Visual Studio Version 17
VisualStudioVersion = 17.5.2.0
MinimumVisualStudioVersion = 10.0.40219.1
Project("{FAE04EC0-301F-11D3-BF4B-00C04F79EFBC}") = "Library-Book-Borrowing-System", "Library-Book-Borrowing-System\Library-Book-Borrowing-System.csproj", "{938A2A96-EF62-B634-BAED-A7D2E86516CB}"
EndProject
Global
	GlobalSection(SolutionConfigurationPlatforms) = preSolution
		Debug|Any CPU = Debug|Any CPU
		Release|Any CPU = Release|Any CPU
	EndGlobalSection
	GlobalSection(ProjectConfigurationPlatforms) = postSolution
		{938A2A96-EF62-B634-BAED-A7D2E86516CB}.Debug|Any CPU.ActiveCfg = Debug|Any CPU
		{938A2A96-EF62-B634-BAED-A7D2E86516CB}.Debug|Any CPU.Build.0 = Debug|Any CPU
		{938A2A96-EF62-B634-BAED-A7D2E86516CB}.Release|Any CPU.ActiveCfg = Release|Any CPU
		{938A2A96-EF62-B634-BAED-A7D2E86516CB}.Release|Any CPU.Build.0 = Release|Any CPU
	EndGlobalSection
	GlobalSection(SolutionProperties) = preSolution
		HideSolutionNode = FALSE
	EndGlobalSection
	GlobalSection(ExtensibilityGlobals) = postSolution
		SolutionGuid = {DE9385D3-AE11-4B3E-9058-2D4A0B961BFB}
	EndGlobalSection
EndGlobal
