Microsoft Visual Studio Solution File, Format Version 12.00
# Visual Studio Version 17
VisualStudioVersion = 17.5.2.0
MinimumVisualStudioVersion = 10.0.40219.1
Project("{FAE04EC0-301F-11D3-BF4B-00C04F79EFBC}") = "Library-Book-Borrowing-System", "Library-Book-Borrowing-System.csproj", "{89A66F45-4F55-753A-A2E0-12A2005F58DD}"
EndProject
Global
	GlobalSection(SolutionConfigurationPlatforms) = preSolution
		Debug|Any CPU = Debug|Any CPU
		Release|Any CPU = Release|Any CPU
	EndGlobalSection
	GlobalSection(ProjectConfigurationPlatforms) = postSolution
		{89A66F45-4F55-753A-A2E0-12A2005F58DD}.Debug|Any CPU.ActiveCfg = Debug|Any CPU
		{89A66F45-4F55-753A-A2E0-12A2005F58DD}.Debug|Any CPU.Build.0 = Debug|Any CPU
		{89A66F45-4F55-753A-A2E0-12A2005F58DD}.Release|Any CPU.ActiveCfg = Release|Any CPU
		{89A66F45-4F55-753A-A2E0-12A2005F58DD}.Release|Any CPU.Build.0 = Release|Any CPU
	EndGlobalSection
	GlobalSection(SolutionProperties) = preSolution
		HideSolutionNode = FALSE
	EndGlobalSection
	GlobalSection(ExtensibilityGlobals) = postSolution
		SolutionGuid = {70C17A1B-E08F-434F-8FEE-423F16E633B3}
	EndGlobalSection
EndGlobal
